{
  "lockfileVersion": 1,
  "configVersion": 1,
  "workspaces": {
    "": {
      "devDependencies": {
        "tree-sitter-cli": "^0.26.12",
      },
    },
  },
  "packages": {
    "tree-sitter-cli": ["tree-sitter-cli@0.26.12", "", { "bin": { "tree-sitter": "cli.js" } }, "sha512-rIdMAm6nv75MVFoZ7UTaLVB1OG5h3ZSlCZEp5pne4gOUTalJIkL0A1NlYBg0oEl/d7gvIyc2Y5Jz8m5Xj+NOEw=="],
  }
}
